// !$*UTF8*$!
{
	archiveVersion = 1;
	classes = {
	};
	objectVersion = 56;
	objects = {

/* Begin PBXBuildFile section */
		3828773E2C8F96A20015CA88 /* AppDelegate.swift in Sources */ = {isa = PBXBuildFile; fileRef = 3828773D2C8F96A20015CA88 /* AppDelegate.swift */; };
		382877402C8F96A20015CA88 /* SceneDelegate.swift in Sources */ = {isa = PBXBuildFile; fileRef = 3828773F2C8F96A20015CA88 /* SceneDelegate.swift */; };
		382877422C8F96A20015CA88 /* HomeViewController.swift in Sources */ = {isa = PBXBuildFile; fileRef = 382877412C8F96A20015CA88 /* HomeViewController.swift */; };
		382877452C8F96A20015CA88 /* Base in Resources */ = {isa = PBXBuildFile; fileRef = 382877442C8F96A20015CA88 /* Base */; };
		382877472C8F96A50015CA88 /* Assets.xcassets in Resources */ = {isa = PBXBuildFile; fileRef = 382877462C8F96A50015CA88 /* Assets.xcassets */; };
		3828774A2C8F96A50015CA88 /* Base in Resources */ = {isa = PBXBuildFile; fileRef = 382877492C8F96A50015CA88 /* Base */; };
		382877572C8F99420015CA88 /* TeamListViewController.swift in Sources */ = {isa = PBXBuildFile; fileRef = 382877552C8F99420015CA88 /* TeamListViewController.swift */; };
		382877582C8F99420015CA88 /* TeamListViewController.xib in Resources */ = {isa = PBXBuildFile; fileRef = 382877562C8F99420015CA88 /* TeamListViewController.xib */; };
		3828775C2C8F99A10015CA88 /* StudentCollectionViewCell.swift in Sources */ = {isa = PBXBuildFile; fileRef = 3828775A2C8F99A10015CA88 /* StudentCollectionViewCell.swift */; };
		3828775D2C8F99A10015CA88 /* StudentCollectionViewCell.xib in Resources */ = {isa = PBXBuildFile; fileRef = 3828775B2C8F99A10015CA88 /* StudentCollectionViewCell.xib */; };
		38954C982C8FD80300AACF08 /* AddStudentViewController.swift in Sources */ = {isa = PBXBuildFile; fileRef = 38954C962C8FD80300AACF08 /* AddStudentViewController.swift */; };
		38954C992C8FD80300AACF08 /* AddStudentViewController.xib in Resources */ = {isa = PBXBuildFile; fileRef = 38954C972C8FD80300AACF08 /* AddStudentViewController.xib */; };
		38954C9C2C8FE82500AACF08 /* BasketballTeam.xcdatamodeld in Sources */ = {isa = PBXBuildFile; fileRef = 38954C9A2C8FE82500AACF08 /* BasketballTeam.xcdatamodeld */; };
		38954CC22C8FEBD200AACF08 /* Student+CoreDataClass.swift in Sources */ = {isa = PBXBuildFile; fileRef = 38954CC02C8FEBD200AACF08 /* Student+CoreDataClass.swift */; };
		38954CC32C8FEBD200AACF08 /* Student+CoreDataProperties.swift in Sources */ = {isa = PBXBuildFile; fileRef = 38954CC12C8FEBD200AACF08 /* Student+CoreDataProperties.swift */; };
		38954CC72C8FEDB400AACF08 /* UIImageTransfomer.swift in Sources */ = {isa = PBXBuildFile; fileRef = 38954CC62C8FEDB400AACF08 /* UIImageTransfomer.swift */; };
		38C6321C2C93A8740072EF56 /* CustomButton.swift in Sources */ = {isa = PBXBuildFile; fileRef = 38C6321B2C93A8740072EF56 /* CustomButton.swift */; };
/* End PBXBuildFile section */

/* Begin PBXFileReference section */
		3828773A2C8F96A20015CA88 /* BasketballTeam.app */ = {isa = PBXFileReference; explicitFileType = wrapper.application; includeInIndex = 0; path = BasketballTeam.app; sourceTree = BUILT_PRODUCTS_DIR; };
		3828773D2C8F96A20015CA88 /* AppDelegate.swift */ = {isa = PBXFileReference; lastKnownFileType = sourcecode.swift; path = AppDelegate.swift; sourceTree = "<group>"; };
		3828773F2C8F96A20015CA88 /* SceneDelegate.swift */ = {isa = PBXFileReference; lastKnownFileType = sourcecode.swift; path = SceneDelegate.swift; sourceTree = "<group>"; };
		382877412C8F96A20015CA88 /* HomeViewController.swift */ = {isa = PBXFileReference; lastKnownFileType = sourcecode.swift; path = HomeViewController.swift; sourceTree = "<group>"; };
		382877442C8F96A20015CA88 /* Base */ = {isa = PBXFileReference; lastKnownFileType = file.storyboard; name = Base; path = Base.lproj/Main.storyboard; sourceTree = "<group>"; };
		382877462C8F96A50015CA88 /* Assets.xcassets */ = {isa = PBXFileReference; lastKnownFileType = folder.assetcatalog; path = Assets.xcassets; sourceTree = "<group>"; };
		382877492C8F96A50015CA88 /* Base */ = {isa = PBXFileReference; lastKnownFileType = file.storyboard; name = Base; path = Base.lproj/LaunchScreen.storyboard; sourceTree = "<group>"; };
		3828774B2C8F96A50015CA88 /* Info.plist */ = {isa = PBXFileReference; lastKnownFileType = text.plist.xml; path = Info.plist; sourceTree = "<group>"; };
		382877552C8F99420015CA88 /* TeamListViewController.swift */ = {isa = PBXFileReference; lastKnownFileType = sourcecode.swift; path = TeamListViewController.swift; sourceTree = "<group>"; };
		382877562C8F99420015CA88 /* TeamListViewController.xib */ = {isa = PBXFileReference; lastKnownFileType = file.xib; path = TeamListViewController.xib; sourceTree = "<group>"; };
		3828775A2C8F99A10015CA88 /* StudentCollectionViewCell.swift */ = {isa = PBXFileReference; lastKnownFileType = sourcecode.swift; path = StudentCollectionViewCell.swift; sourceTree = "<group>"; };
		3828775B2C8F99A10015CA88 /* StudentCollectionViewCell.xib */ = {isa = PBXFileReference; lastKnownFileType = file.xib; path = StudentCollectionViewCell.xib; sourceTree = "<group>"; };
		38954C962C8FD80300AACF08 /* AddStudentViewController.swift */ = {isa = PBXFileReference; lastKnownFileType = sourcecode.swift; path = AddStudentViewController.swift; sourceTree = "<group>"; };
		38954C972C8FD80300AACF08 /* AddStudentViewController.xib */ = {isa = PBXFileReference; lastKnownFileType = file.xib; path = AddStudentViewController.xib; sourceTree = "<group>"; };
		38954C9B2C8FE82500AACF08 /* BasketballTeam.xcdatamodel */ = {isa = PBXFileReference; lastKnownFileType = wrapper.xcdatamodel; path = BasketballTeam.xcdatamodel; sourceTree = "<group>"; };
		38954CC02C8FEBD200AACF08 /* Student+CoreDataClass.swift */ = {isa = PBXFileReference; lastKnownFileType = sourcecode.swift; path = "Student+CoreDataClass.swift"; sourceTree = "<group>"; };
		38954CC12C8FEBD200AACF08 /* Student+CoreDataProperties.swift */ = {isa = PBXFileReference; lastKnownFileType = sourcecode.swift; path = "Student+CoreDataProperties.swift"; sourceTree = "<group>"; };
		38954CC62C8FEDB400AACF08 /* UIImageTransfomer.swift */ = {isa = PBXFileReference; lastKnownFileType = sourcecode.swift; path = UIImageTransfomer.swift; sourceTree = "<group>"; };
		38C6321B2C93A8740072EF56 /* CustomButton.swift */ = {isa = PBXFileReference; lastKnownFileType = sourcecode.swift; path = CustomButton.swift; sourceTree = "<group>"; };
/* End PBXFileReference section */

/* Begin PBXFrameworksBuildPhase section */
		382877372C8F96A20015CA88 /* Frameworks */ = {
			isa = PBXFrameworksBuildPhase;
			buildActionMask = 2147483647;
			files = (
			);
			runOnlyForDeploymentPostprocessing = 0;
		};
/* End PBXFrameworksBuildPhase section */

/* Begin PBXGroup section */
		382877312C8F96A20015CA88 = {
			isa = PBXGroup;
			children = (
				3828773C2C8F96A20015CA88 /* BasketballTeam */,
				3828773B2C8F96A20015CA88 /* Products */,
			);
			sourceTree = "<group>";
		};
		3828773B2C8F96A20015CA88 /* Products */ = {
			isa = PBXGroup;
			children = (
				3828773A2C8F96A20015CA88 /* BasketballTeam.app */,
			);
			name = Products;
			sourceTree = "<group>";
		};
		3828773C2C8F96A20015CA88 /* BasketballTeam */ = {
			isa = PBXGroup;
			children = (
				38C6321A2C93A8550072EF56 /* Extensions */,
				38954CC42C8FEC0C00AACF08 /* CoreData */,
				382877512C8F98F90015CA88 /* ViewControllers */,
				382877592C8F99710015CA88 /* Views */,
				3828773D2C8F96A20015CA88 /* AppDelegate.swift */,
				3828773F2C8F96A20015CA88 /* SceneDelegate.swift */,
				382877432C8F96A20015CA88 /* Main.storyboard */,
				382877462C8F96A50015CA88 /* Assets.xcassets */,
				382877482C8F96A50015CA88 /* LaunchScreen.storyboard */,
				3828774B2C8F96A50015CA88 /* Info.plist */,
			);
			path = BasketballTeam;
			sourceTree = "<group>";
		};
		382877512C8F98F90015CA88 /* ViewControllers */ = {
			isa = PBXGroup;
			children = (
				382877542C8F99210015CA88 /* AddStudent */,
				382877532C8F991A0015CA88 /* Home */,
				382877522C8F990A0015CA88 /* TeamList */,
			);
			path = ViewControllers;
			sourceTree = "<group>";
		};
		382877522C8F990A0015CA88 /* TeamList */ = {
			isa = PBXGroup;
			children = (
				382877552C8F99420015CA88 /* TeamListViewController.swift */,
				382877562C8F99420015CA88 /* TeamListViewController.xib */,
			);
			path = TeamList;
			sourceTree = "<group>";
		};
		382877532C8F991A0015CA88 /* Home */ = {
			isa = PBXGroup;
			children = (
				382877412C8F96A20015CA88 /* HomeViewController.swift */,
			);
			path = Home;
			sourceTree = "<group>";
		};
		382877542C8F99210015CA88 /* AddStudent */ = {
			isa = PBXGroup;
			children = (
				38954C962C8FD80300AACF08 /* AddStudentViewController.swift */,
				38954C972C8FD80300AACF08 /* AddStudentViewController.xib */,
			);
			path = AddStudent;
			sourceTree = "<group>";
		};
		382877592C8F99710015CA88 /* Views */ = {
			isa = PBXGroup;
			children = (
				3828775E2C8F99AD0015CA88 /* StudentCell */,
			);
			path = Views;
			sourceTree = "<group>";
		};
		3828775E2C8F99AD0015CA88 /* StudentCell */ = {
			isa = PBXGroup;
			children = (
				3828775A2C8F99A10015CA88 /* StudentCollectionViewCell.swift */,
				3828775B2C8F99A10015CA88 /* StudentCollectionViewCell.xib */,
			);
			path = StudentCell;
			sourceTree = "<group>";
		};
		38954CC42C8FEC0C00AACF08 /* CoreData */ = {
			isa = PBXGroup;
			children = (
				38954C9A2C8FE82500AACF08 /* BasketballTeam.xcdatamodeld */,
				38954CC52C8FEC9600AACF08 /* Model */,
				38954CC62C8FEDB400AACF08 /* UIImageTransfomer.swift */,
			);
			path = CoreData;
			sourceTree = "<group>";
		};
		38954CC52C8FEC9600AACF08 /* Model */ = {
			isa = PBXGroup;
			children = (
				38954CC02C8FEBD200AACF08 /* Student+CoreDataClass.swift */,
				38954CC12C8FEBD200AACF08 /* Student+CoreDataProperties.swift */,
			);
			path = Model;
			sourceTree = "<group>";
		};
		38C6321A2C93A8550072EF56 /* Extensions */ = {
			isa = PBXGroup;
			children = (
				38C6321B2C93A8740072EF56 /* CustomButton.swift */,
			);
			path = Extensions;
			sourceTree = "<group>";
		};
/* End PBXGroup section */

/* Begin PBXNativeTarget section */
		382877392C8F96A20015CA88 /* BasketballTeam */ = {
			isa = PBXNativeTarget;
			buildConfigurationList = 3828774E2C8F96A50015CA88 /* Build configuration list for PBXNativeTarget "BasketballTeam" */;
			buildPhases = (
				382877362C8F96A20015CA88 /* Sources */,
				382877372C8F96A20015CA88 /* Frameworks */,
				382877382C8F96A20015CA88 /* Resources */,
			);
			buildRules = (
			);
			dependencies = (
			);
			name = BasketballTeam;
			productName = BasketballTeam;
			productReference = 3828773A2C8F96A20015CA88 /* BasketballTeam.app */;
			productType = "com.apple.product-type.application";
		};
/* End PBXNativeTarget section */

/* Begin PBXProject section */
		382877322C8F96A20015CA88 /* Project object */ = {
			isa = PBXProject;
			attributes = {
				BuildIndependentTargetsInParallel = 1;
				LastSwiftUpdateCheck = 1540;
				LastUpgradeCheck = 1540;
				TargetAttributes = {
					382877392C8F96A20015CA88 = {
						CreatedOnToolsVersion = 15.4;
					};
				};
			};
			buildConfigurationList = 382877352C8F96A20015CA88 /* Build configuration list for PBXProject "BasketballTeam" */;
			compatibilityVersion = "Xcode 14.0";
			developmentRegion = en;
			hasScannedForEncodings = 0;
			knownRegions = (
				en,
				Base,
			);
			mainGroup = 382877312C8F96A20015CA88;
			productRefGroup = 3828773B2C8F96A20015CA88 /* Products */;
			projectDirPath = "";
			projectRoot = "";
			targets = (
				382877392C8F96A20015CA88 /* BasketballTeam */,
			);
		};
/* End PBXProject section */

/* Begin PBXResourcesBuildPhase section */
		382877382C8F96A20015CA88 /* Resources */ = {
			isa = PBXResourcesBuildPhase;
			buildActionMask = 2147483647;
			files = (
				38954C992C8FD80300AACF08 /* AddStudentViewController.xib in Resources */,
				382877472C8F96A50015CA88 /* Assets.xcassets in Resources */,
				3828775D2C8F99A10015CA88 /* StudentCollectionViewCell.xib in Resources */,
				382877582C8F99420015CA88 /* TeamListViewController.xib in Resources */,
				3828774A2C8F96A50015CA88 /* Base in Resources */,
				382877452C8F96A20015CA88 /* Base in Resources */,
			);
			runOnlyForDeploymentPostprocessing = 0;
		};
/* End PBXResourcesBuildPhase section */

/* Begin PBXSourcesBuildPhase section */
		382877362C8F96A20015CA88 /* Sources */ = {
			isa = PBXSourcesBuildPhase;
			buildActionMask = 2147483647;
			files = (
				3828775C2C8F99A10015CA88 /* StudentCollectionViewCell.swift in Sources */,
				38954C9C2C8FE82500AACF08 /* BasketballTeam.xcdatamodeld in Sources */,
				38954CC72C8FEDB400AACF08 /* UIImageTransfomer.swift in Sources */,
				382877422C8F96A20015CA88 /* HomeViewController.swift in Sources */,
				38954CC22C8FEBD200AACF08 /* Student+CoreDataClass.swift in Sources */,
				38954CC32C8FEBD200AACF08 /* Student+CoreDataProperties.swift in Sources */,
				38954C982C8FD80300AACF08 /* AddStudentViewController.swift in Sources */,
				38C6321C2C93A8740072EF56 /* CustomButton.swift in Sources */,
				382877572C8F99420015CA88 /* TeamListViewController.swift in Sources */,
				3828773E2C8F96A20015CA88 /* AppDelegate.swift in Sources */,
				382877402C8F96A20015CA88 /* SceneDelegate.swift in Sources */,
			);
			runOnlyForDeploymentPostprocessing = 0;
		};
/* End PBXSourcesBuildPhase section */

/* Begin PBXVariantGroup section */
		382877432C8F96A20015CA88 /* Main.storyboard */ = {
			isa = PBXVariantGroup;
			children = (
				382877442C8F96A20015CA88 /* Base */,
			);
			name = Main.storyboard;
			sourceTree = "<group>";
		};
		382877482C8F96A50015CA88 /* LaunchScreen.storyboard */ = {
			isa = PBXVariantGroup;
			children = (
				382877492C8F96A50015CA88 /* Base */,
			);
			name = LaunchScreen.storyboard;
			sourceTree = "<group>";
		};
/* End PBXVariantGroup section */

/* Begin XCBuildConfiguration section */
		3828774C2C8F96A50015CA88 /* Debug */ = {
			isa = XCBuildConfiguration;
			buildSettings = {
				ALWAYS_SEARCH_USER_PATHS = NO;
				ASSETCATALOG_COMPILER_GENERATE_SWIFT_ASSET_SYMBOL_EXTENSIONS = YES;
				CLANG_ANALYZER_NONNULL = YES;
				CLANG_ANALYZER_NUMBER_OBJECT_CONVERSION = YES_AGGRESSIVE;
				CLANG_CXX_LANGUAGE_STANDARD = "gnu++20";
				CLANG_ENABLE_MODULES = YES;
				CLANG_ENABLE_OBJC_ARC = YES;
				CLANG_ENABLE_OBJC_WEAK = YES;
				CLANG_WARN_BLOCK_CAPTURE_AUTORELEASING = YES;
				CLANG_WARN_BOOL_CONVERSION = YES;
				CLANG_WARN_COMMA = YES;
				CLANG_WARN_CONSTANT_CONVERSION = YES;
				CLANG_WARN_DEPRECATED_OBJC_IMPLEMENTATIONS = YES;
				CLANG_WARN_DIRECT_OBJC_ISA_USAGE = YES_ERROR;
				CLANG_WARN_DOCUMENTATION_COMMENTS = YES;
				CLANG_WARN_EMPTY_BODY = YES;
				CLANG_WARN_ENUM_CONVERSION = YES;
				CLANG_WARN_INFINITE_RECURSION = YES;
				CLANG_WARN_INT_CONVERSION = YES;
				CLANG_WARN_NON_LITERAL_NULL_CONVERSION = YES;
				CLANG_WARN_OBJC_IMPLICIT_RETAIN_SELF = YES;
				CLANG_WARN_OBJC_LITERAL_CONVERSION = YES;
				CLANG_WARN_OBJC_ROOT_CLASS = YES_ERROR;
				CLANG_WARN_QUOTED_INCLUDE_IN_FRAMEWORK_HEADER = YES;
				CLANG_WARN_RANGE_LOOP_ANALYSIS = YES;
				CLANG_WARN_STRICT_PROTOTYPES = YES;
				CLANG_WARN_SUSPICIOUS_MOVE = YES;
				CLANG_WARN_UNGUARDED_AVAILABILITY = YES_AGGRESSIVE;
				CLANG_WARN_UNREACHABLE_CODE = YES;
				CLANG_WARN__DUPLICATE_METHOD_MATCH = YES;
				COPY_PHASE_STRIP = NO;
				DEBUG_INFORMATION_FORMAT = dwarf;
				ENABLE_STRICT_OBJC_MSGSEND = YES;
				ENABLE_TESTABILITY = YES;
				ENABLE_USER_SCRIPT_SANDBOXING = YES;
				GCC_C_LANGUAGE_STANDARD = gnu17;
				GCC_DYNAMIC_NO_PIC = NO;
				GCC_NO_COMMON_BLOCKS = YES;
				GCC_OPTIMIZATION_LEVEL = 0;
				GCC_PREPROCESSOR_DEFINITIONS = (
					"DEBUG=1",
					"$(inherited)",
				);
				GCC_WARN_64_TO_32_BIT_CONVERSION = YES;
				GCC_WARN_ABOUT_RETURN_TYPE = YES_ERROR;
				GCC_WARN_UNDECLARED_SELECTOR = YES;
				GCC_WARN_UNINITIALIZED_AUTOS = YES_AGGRESSIVE;
				GCC_WARN_UNUSED_FUNCTION = YES;
				GCC_WARN_UNUSED_VARIABLE = YES;
				IPHONEOS_DEPLOYMENT_TARGET = 17.5;
				LOCALIZATION_PREFERS_STRING_CATALOGS = YES;
				MTL_ENABLE_DEBUG_INFO = INCLUDE_SOURCE;
				MTL_FAST_MATH = YES;
				ONLY_ACTIVE_ARCH = YES;
				SDKROOT = iphoneos;
				SWIFT_ACTIVE_COMPILATION_CONDITIONS = "DEBUG $(inherited)";
				SWIFT_OPTIMIZATION_LEVEL = "-Onone";
			};
			name = Debug;
		};
		3828774D2C8F96A50015CA88 /* Release */ = {
			isa = XCBuildConfiguration;
			buildSettings = {
				ALWAYS_SEARCH_USER_PATHS = NO;
				ASSETCATALOG_COMPILER_GENERATE_SWIFT_ASSET_SYMBOL_EXTENSIONS = YES;
				CLANG_ANALYZER_NONNULL = YES;
				CLANG_ANALYZER_NUMBER_OBJECT_CONVERSION = YES_AGGRESSIVE;
				CLANG_CXX_LANGUAGE_STANDARD = "gnu++20";
				CLANG_ENABLE_MODULES = YES;
				CLANG_ENABLE_OBJC_ARC = YES;
				CLANG_ENABLE_OBJC_WEAK = YES;
				CLANG_WARN_BLOCK_CAPTURE_AUTORELEASING = YES;
				CLANG_WARN_BOOL_CONVERSION = YES;
				CLANG_WARN_COMMA = YES;
				CLANG_WARN_CONSTANT_CONVERSION = YES;
				CLANG_WARN_DEPRECATED_OBJC_IMPLEMENTATIONS = YES;
				CLANG_WARN_DIRECT_OBJC_ISA_USAGE = YES_ERROR;
				CLANG_WARN_DOCUMENTATION_COMMENTS = YES;
				CLANG_WARN_EMPTY_BODY = YES;
				CLANG_WARN_ENUM_CONVERSION = YES;
				CLANG_WARN_INFINITE_RECURSION = YES;
				CLANG_WARN_INT_CONVERSION = YES;
				CLANG_WARN_NON_LITERAL_NULL_CONVERSION = YES;
				CLANG_WARN_OBJC_IMPLICIT_RETAIN_SELF = YES;
				CLANG_WARN_OBJC_LITERAL_CONVERSION = YES;
				CLANG_WARN_OBJC_ROOT_CLASS = YES_ERROR;
				CLANG_WARN_QUOTED_INCLUDE_IN_FRAMEWORK_HEADER = YES;
				CLANG_WARN_RANGE_LOOP_ANALYSIS = YES;
				CLANG_WARN_STRICT_PROTOTYPES = YES;
				CLANG_WARN_SUSPICIOUS_MOVE = YES;
				CLANG_WARN_UNGUARDED_AVAILABILITY = YES_AGGRESSIVE;
				CLANG_WARN_UNREACHABLE_CODE = YES;
				CLANG_WARN__DUPLICATE_METHOD_MATCH = YES;
				COPY_PHASE_STRIP = NO;
				DEBUG_INFORMATION_FORMAT = "dwarf-with-dsym";
				ENABLE_NS_ASSERTIONS = NO;
				ENABLE_STRICT_OBJC_MSGSEND = YES;
				ENABLE_USER_SCRIPT_SANDBOXING = YES;
				GCC_C_LANGUAGE_STANDARD = gnu17;
				GCC_NO_COMMON_BLOCKS = YES;
				GCC_WARN_64_TO_32_BIT_CONVERSION = YES;
				GCC_WARN_ABOUT_RETURN_TYPE = YES_ERROR;
				GCC_WARN_UNDECLARED_SELECTOR = YES;
				GCC_WARN_UNINITIALIZED_AUTOS = YES_AGGRESSIVE;
				GCC_WARN_UNUSED_FUNCTION = YES;
				GCC_WARN_UNUSED_VARIABLE = YES;
				IPHONEOS_DEPLOYMENT_TARGET = 17.5;
				LOCALIZATION_PREFERS_STRING_CATALOGS = YES;
				MTL_ENABLE_DEBUG_INFO = NO;
				MTL_FAST_MATH = YES;
				SDKROOT = iphoneos;
				SWIFT_COMPILATION_MODE = wholemodule;
				VALIDATE_PRODUCT = YES;
			};
			name = Release;
		};
		3828774F2C8F96A50015CA88 /* Debug */ = {
			isa = XCBuildConfiguration;
			buildSettings = {
				ASSETCATALOG_COMPILER_APPICON_NAME = AppIcon;
				ASSETCATALOG_COMPILER_GLOBAL_ACCENT_COLOR_NAME = AccentColor;
				CODE_SIGN_STYLE = Automatic;
				CURRENT_PROJECT_VERSION = 1;
				DEVELOPMENT_TEAM = QV5G283426;
				GENERATE_INFOPLIST_FILE = YES;
				INFOPLIST_FILE = BasketballTeam/Info.plist;
				INFOPLIST_KEY_UIApplicationSupportsIndirectInputEvents = YES;
				INFOPLIST_KEY_UILaunchStoryboardName = LaunchScreen;
				INFOPLIST_KEY_UIMainStoryboardFile = Main;
				INFOPLIST_KEY_UISupportedInterfaceOrientations_iPad = "UIInterfaceOrientationPortrait UIInterfaceOrientationPortraitUpsideDown UIInterfaceOrientationLandscapeLeft UIInterfaceOrientationLandscapeRight";
				INFOPLIST_KEY_UISupportedInterfaceOrientations_iPhone = "UIInterfaceOrientationPortrait UIInterfaceOrientationLandscapeLeft UIInterfaceOrientationLandscapeRight";
				LD_RUNPATH_SEARCH_PATHS = (
					"$(inherited)",
					"@executable_path/Frameworks",
				);
				MARKETING_VERSION = 1.0;
				PRODUCT_BUNDLE_IDENTIFIER = priyank.asu.BasketballTeam;
				PRODUCT_NAME = "$(TARGET_NAME)";
				SWIFT_EMIT_LOC_STRINGS = YES;
				SWIFT_VERSION = 5.0;
				TARGETED_DEVICE_FAMILY = "1,2";
			};
			name = Debug;
		};
		382877502C8F96A50015CA88 /* Release */ = {
			isa = XCBuildConfiguration;
			buildSettings = {
				ASSETCATALOG_COMPILER_APPICON_NAME = AppIcon;
				ASSETCATALOG_COMPILER_GLOBAL_ACCENT_COLOR_NAME = AccentColor;
				CODE_SIGN_STYLE = Automatic;
				CURRENT_PROJECT_VERSION = 1;
				DEVELOPMENT_TEAM = QV5G283426;
				GENERATE_INFOPLIST_FILE = YES;
				INFOPLIST_FILE = BasketballTeam/Info.plist;
				INFOPLIST_KEY_UIApplicationSupportsIndirectInputEvents = YES;
				INFOPLIST_KEY_UILaunchStoryboardName = LaunchScreen;
				INFOPLIST_KEY_UIMainStoryboardFile = Main;
				INFOPLIST_KEY_UISupportedInterfaceOrientations_iPad = "UIInterfaceOrientationPortrait UIInterfaceOrientationPortraitUpsideDown UIInterfaceOrientationLandscapeLeft UIInterfaceOrientationLandscapeRight";
				INFOPLIST_KEY_UISupportedInterfaceOrientations_iPhone = "UIInterfaceOrientationPortrait UIInterfaceOrientationLandscapeLeft UIInterfaceOrientationLandscapeRight";
				LD_RUNPATH_SEARCH_PATHS = (
					"$(inherited)",
					"@executable_path/Frameworks",
				);
				MARKETING_VERSION = 1.0;
				PRODUCT_BUNDLE_IDENTIFIER = priyank.asu.BasketballTeam;
				PRODUCT_NAME = "$(TARGET_NAME)";
				SWIFT_EMIT_LOC_STRINGS = YES;
				SWIFT_VERSION = 5.0;
				TARGETED_DEVICE_FAMILY = "1,2";
			};
			name = Release;
		};
/* End XCBuildConfiguration section */

/* Begin XCConfigurationList section */
		382877352C8F96A20015CA88 /* Build configuration list for PBXProject "BasketballTeam" */ = {
			isa = XCConfigurationList;
			buildConfigurations = (
				3828774C2C8F96A50015CA88 /* Debug */,
				3828774D2C8F96A50015CA88 /* Release */,
			);
			defaultConfigurationIsVisible = 0;
			defaultConfigurationName = Release;
		};
		3828774E2C8F96A50015CA88 /* Build configuration list for PBXNativeTarget "BasketballTeam" */ = {
			isa = XCConfigurationList;
			buildConfigurations = (
				3828774F2C8F96A50015CA88 /* Debug */,
				382877502C8F96A50015CA88 /* Release */,
			);
			defaultConfigurationIsVisible = 0;
			defaultConfigurationName = Release;
		};
/* End XCConfigurationList section */

/* Begin XCVersionGroup section */
		38954C9A2C8FE82500AACF08 /* BasketballTeam.xcdatamodeld */ = {
			isa = XCVersionGroup;
			children = (
				38954C9B2C8FE82500AACF08 /* BasketballTeam.xcdatamodel */,
			);
			currentVersion = 38954C9B2C8FE82500AACF08 /* BasketballTeam.xcdatamodel */;
			path = BasketballTeam.xcdatamodeld;
			sourceTree = "<group>";
			versionGroupType = wrapper.xcdatamodel;
		};
/* End XCVersionGroup section */
	};
	rootObject = 382877322C8F96A20015CA88 /* Project object */;
}
